// !$*UTF8*$!
{
	archiveVersion = 1;
	classes = {
	};
	objectVersion = 52;
	objects = {

/* Begin PBXBuildFile section */
		6A555A8724E55E2700F0DBE7 /* Base.swift in Sources */ = {isa = PBXBuildFile; fileRef = 6A555A8624E55E2700F0DBE7 /* Base.swift */; };
		6AE60C9821BE729D00E94D0E /* AppDelegate.swift in Sources */ = {isa = PBXBuildFile; fileRef = 6AE60C9721BE729D00E94D0E /* AppDelegate.swift */; };
		6AE60C9F21BE729E00E94D0E /* Assets.xcassets in Resources */ = {isa = PBXBuildFile; fileRef = 6AE60C9E21BE729E00E94D0E /* Assets.xcassets */; };
		6AE60CA221BE729E00E94D0E /* LaunchScreen.storyboard in Resources */ = {isa = PBXBuildFile; fileRef = 6AE60CA021BE729E00E94D0E /* LaunchScreen.storyboard */; };
		6AE60CAA21BE74CB00E94D0E /* HomeTableViewController.swift in Sources */ = {isa = PBXBuildFile; fileRef = 6AE60CA921BE74CB00E94D0E /* HomeTableViewController.swift */; };
		6AE60CAC21BE75DD00E94D0E /* BaseTableViewCell.swift in Sources */ = {isa = PBXBuildFile; fileRef = 6AE60CAB21BE75DD00E94D0E /* BaseTableViewCell.swift */; };
		6AEDD7EB24E577C700FCB101 /* LabelTableViewCell.swift in Sources */ = {isa = PBXBuildFile; fileRef = 6AEDD7EA24E577C700FCB101 /* LabelTableViewCell.swift */; };
		6AEDD7EE24E5798200FCB101 /* DonateViewController in Frameworks */ = {isa = PBXBuildFile; productRef = 6AEDD7ED24E5798200FCB101 /* DonateViewController */; };
		6AEDD7F124E57BB600FCB101 /* StoreKit.framework in Frameworks */ = {isa = PBXBuildFile; fileRef = 6AEDD7F024E57BB600FCB101 /* StoreKit.framework */; };
		6AF3D9AA24E689F20091B758 /* ColorTableViewCell.swift in Sources */ = {isa = PBXBuildFile; fileRef = 6AF3D9A924E689F20091B758 /* ColorTableViewCell.swift */; };
		6AF3D9AC24E6A6FC0091B758 /* BaseSection.swift in Sources */ = {isa = PBXBuildFile; fileRef = 6AF3D9AB24E6A6FC0091B758 /* BaseSection.swift */; };
		6AF3D9B024E6AD720091B758 /* BaseCell.swift in Sources */ = {isa = PBXBuildFile; fileRef = 6AF3D9AF24E6AD720091B758 /* BaseCell.swift */; };
		6AF3D9B224E6AD940091B758 /* InputChangedDelegate.swift in Sources */ = {isa = PBXBuildFile; fileRef = 6AF3D9B124E6AD940091B758 /* InputChangedDelegate.swift */; };
		6AF3D9B424E6ADA50091B758 /* InputView.swift in Sources */ = {isa = PBXBuildFile; fileRef = 6AF3D9B324E6ADA50091B758 /* InputView.swift */; };
		6AF3D9B624E6C0900091B758 /* TextTableViewCell.swift in Sources */ = {isa = PBXBuildFile; fileRef = 6AF3D9B524E6C0900091B758 /* TextTableViewCell.swift */; };
		6AF3D9B824E7001D0091B758 /* Source.swift in Sources */ = {isa = PBXBuildFile; fileRef = 6AF3D9B724E7001D0091B758 /* Source.swift */; };
/* End PBXBuildFile section */

/* Begin PBXFileReference section */
		6A555A8624E55E2700F0DBE7 /* Base.swift */ = {isa = PBXFileReference; lastKnownFileType = sourcecode.swift; path = Base.swift; sourceTree = "<group>"; };
		6AE60C9421BE729D00E94D0E /* BaseConverter.app */ = {isa = PBXFileReference; explicitFileType = wrapper.application; includeInIndex = 0; path = BaseConverter.app; sourceTree = BUILT_PRODUCTS_DIR; };
		6AE60C9721BE729D00E94D0E /* AppDelegate.swift */ = {isa = PBXFileReference; lastKnownFileType = sourcecode.swift; path = AppDelegate.swift; sourceTree = "<group>"; };
		6AE60C9E21BE729E00E94D0E /* Assets.xcassets */ = {isa = PBXFileReference; lastKnownFileType = folder.assetcatalog; path = Assets.xcassets; sourceTree = "<group>"; };
		6AE60CA121BE729E00E94D0E /* Base */ = {isa = PBXFileReference; lastKnownFileType = file.storyboard; name = Base; path = Base.lproj/LaunchScreen.storyboard; sourceTree = "<group>"; };
		6AE60CA321BE729E00E94D0E /* Info.plist */ = {isa = PBXFileReference; lastKnownFileType = text.plist.xml; path = Info.plist; sourceTree = "<group>"; };
		6AE60CA921BE74CB00E94D0E /* HomeTableViewController.swift */ = {isa = PBXFileReference; lastKnownFileType = sourcecode.swift; path = HomeTableViewController.swift; sourceTree = "<group>"; };
		6AE60CAB21BE75DD00E94D0E /* BaseTableViewCell.swift */ = {isa = PBXFileReference; lastKnownFileType = sourcecode.swift; path = BaseTableViewCell.swift; sourceTree = "<group>"; };
		6AEDD7EA24E577C700FCB101 /* LabelTableViewCell.swift */ = {isa = PBXFileReference; lastKnownFileType = sourcecode.swift; path = LabelTableViewCell.swift; sourceTree = "<group>"; };
		6AEDD7F024E57BB600FCB101 /* StoreKit.framework */ = {isa = PBXFileReference; lastKnownFileType = wrapper.framework; name = StoreKit.framework; path = System/Library/Frameworks/StoreKit.framework; sourceTree = SDKROOT; };
		6AF3D9A924E689F20091B758 /* ColorTableViewCell.swift */ = {isa = PBXFileReference; lastKnownFileType = sourcecode.swift; path = ColorTableViewCell.swift; sourceTree = "<group>"; };
		6AF3D9AB24E6A6FC0091B758 /* BaseSection.swift */ = {isa = PBXFileReference; lastKnownFileType = sourcecode.swift; path = BaseSection.swift; sourceTree = "<group>"; };
		6AF3D9AF24E6AD720091B758 /* BaseCell.swift */ = {isa = PBXFileReference; lastKnownFileType = sourcecode.swift; path = BaseCell.swift; sourceTree = "<group>"; };
		6AF3D9B124E6AD940091B758 /* InputChangedDelegate.swift */ = {isa = PBXFileReference; lastKnownFileType = sourcecode.swift; path = InputChangedDelegate.swift; sourceTree = "<group>"; };
		6AF3D9B324E6ADA50091B758 /* InputView.swift */ = {isa = PBXFileReference; lastKnownFileType = sourcecode.swift; path = InputView.swift; sourceTree = "<group>"; };
		6AF3D9B524E6C0900091B758 /* TextTableViewCell.swift */ = {isa = PBXFileReference; lastKnownFileType = sourcecode.swift; path = TextTableViewCell.swift; sourceTree = "<group>"; };
		6AF3D9B724E7001D0091B758 /* Source.swift */ = {isa = PBXFileReference; lastKnownFileType = sourcecode.swift; path = Source.swift; sourceTree = "<group>"; };
/* End PBXFileReference section */

/* Begin PBXFrameworksBuildPhase section */
		6AE60C9121BE729D00E94D0E /* Frameworks */ = {
			isa = PBXFrameworksBuildPhase;
			buildActionMask = 2147483647;
			files = (
				6AEDD7EE24E5798200FCB101 /* DonateViewController in Frameworks */,
				6AEDD7F124E57BB600FCB101 /* StoreKit.framework in Frameworks */,
			);
			runOnlyForDeploymentPostprocessing = 0;
		};
/* End PBXFrameworksBuildPhase section */

/* Begin PBXGroup section */
		6A2DD81224E55BA700767E36 /* Controllers */ = {
			isa = PBXGroup;
			children = (
				6AE60CA921BE74CB00E94D0E /* HomeTableViewController.swift */,
			);
			path = Controllers;
			sourceTree = "<group>";
		};
		6A2DD81324E55BAD00767E36 /* Utils */ = {
			isa = PBXGroup;
			children = (
				6AE60C9721BE729D00E94D0E /* AppDelegate.swift */,
				6A555A8624E55E2700F0DBE7 /* Base.swift */,
				6AF3D9AB24E6A6FC0091B758 /* BaseSection.swift */,
				6AF3D9B724E7001D0091B758 /* Source.swift */,
			);
			path = Utils;
			sourceTree = "<group>";
		};
		6A2DD81424E55BB400767E36 /* Cells */ = {
			isa = PBXGroup;
			children = (
				6AE60CAB21BE75DD00E94D0E /* BaseTableViewCell.swift */,
				6AF3D9A924E689F20091B758 /* ColorTableViewCell.swift */,
				6AEDD7EA24E577C700FCB101 /* LabelTableViewCell.swift */,
				6AF3D9B524E6C0900091B758 /* TextTableViewCell.swift */,
			);
			path = Cells;
			sourceTree = "<group>";
		};
		6AE60C8B21BE729D00E94D0E = {
			isa = PBXGroup;
			children = (
				6AE60C9621BE729D00E94D0E /* BaseConverter */,
				6AE60C9521BE729D00E94D0E /* Products */,
				6AEDD7EF24E57BB600FCB101 /* Frameworks */,
			);
			sourceTree = "<group>";
		};
		6AE60C9521BE729D00E94D0E /* Products */ = {
			isa = PBXGroup;
			children = (
				6AE60C9421BE729D00E94D0E /* BaseConverter.app */,
			);
			name = Products;
			sourceTree = "<group>";
		};
		6AE60C9621BE729D00E94D0E /* BaseConverter */ = {
			isa = PBXGroup;
			children = (
				6A2DD81424E55BB400767E36 /* Cells */,
				6A2DD81224E55BA700767E36 /* Controllers */,
				6AF3D9AE24E6AD4C0091B758 /* Protocols */,
				6A2DD81324E55BAD00767E36 /* Utils */,
				6AF3D9AD24E6AD470091B758 /* Views */,
				6AE60C9E21BE729E00E94D0E /* Assets.xcassets */,
				6AE60CA021BE729E00E94D0E /* LaunchScreen.storyboard */,
				6AE60CA321BE729E00E94D0E /* Info.plist */,
			);
			path = BaseConverter;
			sourceTree = "<group>";
		};
		6AEDD7EF24E57BB600FCB101 /* Frameworks */ = {
			isa = PBXGroup;
			children = (
				6AEDD7F024E57BB600FCB101 /* StoreKit.framework */,
			);
			name = Frameworks;
			sourceTree = "<group>";
		};
		6AF3D9AD24E6AD470091B758 /* Views */ = {
			isa = PBXGroup;
			children = (
				6AF3D9B324E6ADA50091B758 /* InputView.swift */,
			);
			path = Views;
			sourceTree = "<group>";
		};
		6AF3D9AE24E6AD4C0091B758 /* Protocols */ = {
			isa = PBXGroup;
			children = (
				6AF3D9AF24E6AD720091B758 /* BaseCell.swift */,
				6AF3D9B124E6AD940091B758 /* InputChangedDelegate.swift */,
			);
			path = Protocols;
			sourceTree = "<group>";
		};
/* End PBXGroup section */

/* Begin PBXNativeTarget section */
		6AE60C9321BE729D00E94D0E /* BaseConverter */ = {
			isa = PBXNativeTarget;
			buildConfigurationList = 6AE60CA621BE729E00E94D0E /* Build configuration list for PBXNativeTarget "BaseConverter" */;
			buildPhases = (
				6AE60C9021BE729D00E94D0E /* Sources */,
				6AE60C9121BE729D00E94D0E /* Frameworks */,
				6AE60C9221BE729D00E94D0E /* Resources */,
			);
			buildRules = (
			);
			dependencies = (
			);
			name = BaseConverter;
			packageProductDependencies = (
				6AEDD7ED24E5798200FCB101 /* DonateViewController */,
			);
			productName = BaseConverter;
			productReference = 6AE60C9421BE729D00E94D0E /* BaseConverter.app */;
			productType = "com.apple.product-type.application";
		};
/* End PBXNativeTarget section */

/* Begin PBXProject section */
		6AE60C8C21BE729D00E94D0E /* Project object */ = {
			isa = PBXProject;
			attributes = {
				LastSwiftUpdateCheck = 1010;
				LastUpgradeCheck = 1010;
				ORGANIZATIONNAME = "Nathan FALLET";
				TargetAttributes = {
					6AE60C9321BE729D00E94D0E = {
						CreatedOnToolsVersion = 10.1;
						LastSwiftMigration = 1160;
					};
				};
			};
			buildConfigurationList = 6AE60C8F21BE729D00E94D0E /* Build configuration list for PBXProject "BaseConverter" */;
			compatibilityVersion = "Xcode 9.3";
			developmentRegion = en;
			hasScannedForEncodings = 0;
			knownRegions = (
				en,
				Base,
			);
			mainGroup = 6AE60C8B21BE729D00E94D0E;
			packageReferences = (
				6AEDD7EC24E5798200FCB101 /* XCRemoteSwiftPackageReference "DonateViewController" */,
			);
			productRefGroup = 6AE60C9521BE729D00E94D0E /* Products */;
			projectDirPath = "";
			projectRoot = "";
			targets = (
				6AE60C9321BE729D00E94D0E /* BaseConverter */,
			);
		};
/* End PBXProject section */

/* Begin PBXResourcesBuildPhase section */
		6AE60C9221BE729D00E94D0E /* Resources */ = {
			isa = PBXResourcesBuildPhase;
			buildActionMask = 2147483647;
			files = (
				6AE60CA221BE729E00E94D0E /* LaunchScreen.storyboard in Resources */,
				6AE60C9F21BE729E00E94D0E /* Assets.xcassets in Resources */,
			);
			runOnlyForDeploymentPostprocessing = 0;
		};
/* End PBXResourcesBuildPhase section */

/* Begin PBXSourcesBuildPhase section */
		6AE60C9021BE729D00E94D0E /* Sources */ = {
			isa = PBXSourcesBuildPhase;
			buildActionMask = 2147483647;
			files = (
				6AF3D9B224E6AD940091B758 /* InputChangedDelegate.swift in Sources */,
				6A555A8724E55E2700F0DBE7 /* Base.swift in Sources */,
				6AF3D9AC24E6A6FC0091B758 /* BaseSection.swift in Sources */,
				6AEDD7EB24E577C700FCB101 /* LabelTableViewCell.swift in Sources */,
				6AF3D9B624E6C0900091B758 /* TextTableViewCell.swift in Sources */,
				6AE60CAC21BE75DD00E94D0E /* BaseTableViewCell.swift in Sources */,
				6AF3D9B024E6AD720091B758 /* BaseCell.swift in Sources */,
				6AE60C9821BE729D00E94D0E /* AppDelegate.swift in Sources */,
				6AF3D9B824E7001D0091B758 /* Source.swift in Sources */,
				6AF3D9B424E6ADA50091B758 /* InputView.swift in Sources */,
				6AE60CAA21BE74CB00E94D0E /* HomeTableViewController.swift in Sources */,
				6AF3D9AA24E689F20091B758 /* ColorTableViewCell.swift in Sources */,
			);
			runOnlyForDeploymentPostprocessing = 0;
		};
/* End PBXSourcesBuildPhase section */

/* Begin PBXVariantGroup section */
		6AE60CA021BE729E00E94D0E /* LaunchScreen.storyboard */ = {
			isa = PBXVariantGroup;
			children = (
				6AE60CA121BE729E00E94D0E /* Base */,
			);
			name = LaunchScreen.storyboard;
			sourceTree = "<group>";
		};
/* End PBXVariantGroup section */

/* Begin XCBuildConfiguration section */
		6AE60CA421BE729E00E94D0E /* Debug */ = {
			isa = XCBuildConfiguration;
			buildSettings = {
				ALWAYS_SEARCH_USER_PATHS = NO;
				CLANG_ANALYZER_NONNULL = YES;
				CLANG_ANALYZER_NUMBER_OBJECT_CONVERSION = YES_AGGRESSIVE;
				CLANG_CXX_LANGUAGE_STANDARD = "gnu++14";
				CLANG_CXX_LIBRARY = "libc++";
				CLANG_ENABLE_MODULES = YES;
				CLANG_ENABLE_OBJC_ARC = YES;
				CLANG_ENABLE_OBJC_WEAK = YES;
				CLANG_WARN_BLOCK_CAPTURE_AUTORELEASING = YES;
				CLANG_WARN_BOOL_CONVERSION = YES;
				CLANG_WARN_COMMA = YES;
				CLANG_WARN_CONSTANT_CONVERSION = YES;
				CLANG_WARN_DEPRECATED_OBJC_IMPLEMENTATIONS = YES;
				CLANG_WARN_DIRECT_OBJC_ISA_USAGE = YES_ERROR;
				CLANG_WARN_DOCUMENTATION_COMMENTS = YES;
				CLANG_WARN_EMPTY_BODY = YES;
				CLANG_WARN_ENUM_CONVERSION = YES;
				CLANG_WARN_INFINITE_RECURSION = YES;
				CLANG_WARN_INT_CONVERSION = YES;
				CLANG_WARN_NON_LITERAL_NULL_CONVERSION = YES;
				CLANG_WARN_OBJC_IMPLICIT_RETAIN_SELF = YES;
				CLANG_WARN_OBJC_LITERAL_CONVERSION = YES;
				CLANG_WARN_OBJC_ROOT_CLASS = YES_ERROR;
				CLANG_WARN_RANGE_LOOP_ANALYSIS = YES;
				CLANG_WARN_STRICT_PROTOTYPES = YES;
				CLANG_WARN_SUSPICIOUS_MOVE = YES;
				CLANG_WARN_UNGUARDED_AVAILABILITY = YES_AGGRESSIVE;
				CLANG_WARN_UNREACHABLE_CODE = YES;
				CLANG_WARN__DUPLICATE_METHOD_MATCH = YES;
				CODE_SIGN_IDENTITY = "iPhone Developer";
				COPY_PHASE_STRIP = NO;
				DEBUG_INFORMATION_FORMAT = dwarf;
				ENABLE_STRICT_OBJC_MSGSEND = YES;
				ENABLE_TESTABILITY = YES;
				GCC_C_LANGUAGE_STANDARD = gnu11;
				GCC_DYNAMIC_NO_PIC = NO;
				GCC_NO_COMMON_BLOCKS = YES;
				GCC_OPTIMIZATION_LEVEL = 0;
				GCC_PREPROCESSOR_DEFINITIONS = (
					"DEBUG=1",
					"$(inherited)",
				);
				GCC_WARN_64_TO_32_BIT_CONVERSION = YES;
				GCC_WARN_ABOUT_RETURN_TYPE = YES_ERROR;
				GCC_WARN_UNDECLARED_SELECTOR = YES;
				GCC_WARN_UNINITIALIZED_AUTOS = YES_AGGRESSIVE;
				GCC_WARN_UNUSED_FUNCTION = YES;
				GCC_WARN_UNUSED_VARIABLE = YES;
				IPHONEOS_DEPLOYMENT_TARGET = 12.1;
				MTL_ENABLE_DEBUG_INFO = INCLUDE_SOURCE;
				MTL_FAST_MATH = YES;
				ONLY_ACTIVE_ARCH = YES;
				SDKROOT = iphoneos;
				SWIFT_ACTIVE_COMPILATION_CONDITIONS = DEBUG;
				SWIFT_OPTIMIZATION_LEVEL = "-Onone";
			};
			name = Debug;
		};
		6AE60CA521BE729E00E94D0E /* Release */ = {
			isa = XCBuildConfiguration;
			buildSettings = {
				ALWAYS_SEARCH_USER_PATHS = NO;
				CLANG_ANALYZER_NONNULL = YES;
				CLANG_ANALYZER_NUMBER_OBJECT_CONVERSION = YES_AGGRESSIVE;
				CLANG_CXX_LANGUAGE_STANDARD = "gnu++14";
				CLANG_CXX_LIBRARY = "libc++";
				CLANG_ENABLE_MODULES = YES;
				CLANG_ENABLE_OBJC_ARC = YES;
				CLANG_ENABLE_OBJC_WEAK = YES;
				CLANG_WARN_BLOCK_CAPTURE_AUTORELEASING = YES;
				CLANG_WARN_BOOL_CONVERSION = YES;
				CLANG_WARN_COMMA = YES;
				CLANG_WARN_CONSTANT_CONVERSION = YES;
				CLANG_WARN_DEPRECATED_OBJC_IMPLEMENTATIONS = YES;
				CLANG_WARN_DIRECT_OBJC_ISA_USAGE = YES_ERROR;
				CLANG_WARN_DOCUMENTATION_COMMENTS = YES;
				CLANG_WARN_EMPTY_BODY = YES;
				CLANG_WARN_ENUM_CONVERSION = YES;
				CLANG_WARN_INFINITE_RECURSION = YES;
				CLANG_WARN_INT_CONVERSION = YES;
				CLANG_WARN_NON_LITERAL_NULL_CONVERSION = YES;
				CLANG_WARN_OBJC_IMPLICIT_RETAIN_SELF = YES;
				CLANG_WARN_OBJC_LITERAL_CONVERSION = YES;
				CLANG_WARN_OBJC_ROOT_CLASS = YES_ERROR;
				CLANG_WARN_RANGE_LOOP_ANALYSIS = YES;
				CLANG_WARN_STRICT_PROTOTYPES = YES;
				CLANG_WARN_SUSPICIOUS_MOVE = YES;
				CLANG_WARN_UNGUARDED_AVAILABILITY = YES_AGGRESSIVE;
				CLANG_WARN_UNREACHABLE_CODE = YES;
				CLANG_WARN__DUPLICATE_METHOD_MATCH = YES;
				CODE_SIGN_IDENTITY = "iPhone Developer";
				COPY_PHASE_STRIP = NO;
				DEBUG_INFORMATION_FORMAT = "dwarf-with-dsym";
				ENABLE_NS_ASSERTIONS = NO;
				ENABLE_STRICT_OBJC_MSGSEND = YES;
				GCC_C_LANGUAGE_STANDARD = gnu11;
				GCC_NO_COMMON_BLOCKS = YES;
				GCC_WARN_64_TO_32_BIT_CONVERSION = YES;
				GCC_WARN_ABOUT_RETURN_TYPE = YES_ERROR;
				GCC_WARN_UNDECLARED_SELECTOR = YES;
				GCC_WARN_UNINITIALIZED_AUTOS = YES_AGGRESSIVE;
				GCC_WARN_UNUSED_FUNCTION = YES;
				GCC_WARN_UNUSED_VARIABLE = YES;
				IPHONEOS_DEPLOYMENT_TARGET = 12.1;
				MTL_ENABLE_DEBUG_INFO = NO;
				MTL_FAST_MATH = YES;
				SDKROOT = iphoneos;
				SWIFT_COMPILATION_MODE = wholemodule;
				SWIFT_OPTIMIZATION_LEVEL = "-O";
				VALIDATE_PRODUCT = YES;
			};
			name = Release;
		};
		6AE60CA721BE729E00E94D0E /* Debug */ = {
			isa = XCBuildConfiguration;
			buildSettings = {
				ASSETCATALOG_COMPILER_APPICON_NAME = AppIcon;
				CODE_SIGN_STYLE = Automatic;
				CURRENT_PROJECT_VERSION = 3;
				DEVELOPMENT_TEAM = ZL9396WK65;
				INFOPLIST_FILE = BaseConverter/Info.plist;
				IPHONEOS_DEPLOYMENT_TARGET = 9.0;
				LD_RUNPATH_SEARCH_PATHS = (
					"$(inherited)",
					"@executable_path/Frameworks",
				);
				MARKETING_VERSION = 2.0;
				PRODUCT_BUNDLE_IDENTIFIER = me.nathanfallet.BaseConverter;
				PRODUCT_NAME = "$(TARGET_NAME)";
				SWIFT_VERSION = 5.0;
				TARGETED_DEVICE_FAMILY = "1,2";
			};
			name = Debug;
		};
		6AE60CA821BE729E00E94D0E /* Release */ = {
			isa = XCBuildConfiguration;
			buildSettings = {
				ASSETCATALOG_COMPILER_APPICON_NAME = AppIcon;
				CODE_SIGN_STYLE = Automatic;
				CURRENT_PROJECT_VERSION = 3;
				DEVELOPMENT_TEAM = ZL9396WK65;
				INFOPLIST_FILE = BaseConverter/Info.plist;
				IPHONEOS_DEPLOYMENT_TARGET = 9.0;
				LD_RUNPATH_SEARCH_PATHS = (
					"$(inherited)",
					"@executable_path/Frameworks",
				);
				MARKETING_VERSION = 2.0;
				PRODUCT_BUNDLE_IDENTIFIER = me.nathanfallet.BaseConverter;
				PRODUCT_NAME = "$(TARGET_NAME)";
				SWIFT_VERSION = 5.0;
				TARGETED_DEVICE_FAMILY = "1,2";
			};
			name = Release;
		};
/* End XCBuildConfiguration section */

/* Begin XCConfigurationList section */
		6AE60C8F21BE729D00E94D0E /* Build configuration list for PBXProject "BaseConverter" */ = {
			isa = XCConfigurationList;
			buildConfigurations = (
				6AE60CA421BE729E00E94D0E /* Debug */,
				6AE60CA521BE729E00E94D0E /* Release */,
			);
			defaultConfigurationIsVisible = 0;
			defaultConfigurationName = Release;
		};
		6AE60CA621BE729E00E94D0E /* Build configuration list for PBXNativeTarget "BaseConverter" */ = {
			isa = XCConfigurationList;
			buildConfigurations = (
				6AE60CA721BE729E00E94D0E /* Debug */,
				6AE60CA821BE729E00E94D0E /* Release */,
			);
			defaultConfigurationIsVisible = 0;
			defaultConfigurationName = Release;
		};
/* End XCConfigurationList section */

/* Begin XCRemoteSwiftPackageReference section */
		6AEDD7EC24E5798200FCB101 /* XCRemoteSwiftPackageReference "DonateViewController" */ = {
			isa = XCRemoteSwiftPackageReference;
			repositoryURL = "https://github.com/GroupeMINASTE/DonateViewController.git";
			requirement = {
				kind = upToNextMajorVersion;
				minimumVersion = 1.1.5;
			};
		};
/* End XCRemoteSwiftPackageReference section */

/* Begin XCSwiftPackageProductDependency section */
		6AEDD7ED24E5798200FCB101 /* DonateViewController */ = {
			isa = XCSwiftPackageProductDependency;
			package = 6AEDD7EC24E5798200FCB101 /* XCRemoteSwiftPackageReference "DonateViewController" */;
			productName = DonateViewController;
		};
/* End XCSwiftPackageProductDependency section */
	};
	rootObject = 6AE60C8C21BE729D00E94D0E /* Project object */;
}
